
Microsoft Visual Studio Solution File, Format Version 12.00
Project("{FAE04EC0-301F-11D3-BF4B-00C04F79EFBC}") = "MinimalApisVsControllers", "MinimalApisVsControllers\MinimalApisVsControllers.csproj", "{92CB6E93-C07D-42B4-8A25-5E182AEF48BF}"
EndProject
Project("{FAE04EC0-301F-11D3-BF4B-00C04F79EFBC}") = "MinimalApisVsControllers.Tests", "MinimalApisVsControllers.Tests\MinimalApisVsControllers.Tests.csproj", "{42233E0A-0834-43C4-B953-A8A3A21D9718}"
EndProject
Global
	GlobalSection(SolutionConfigurationPlatforms) = preSolution
		Debug|Any CPU = Debug|Any CPU
		Release|Any CPU = Release|Any CPU
	EndGlobalSection
	GlobalSection(ProjectConfigurationPlatforms) = postSolution
		{92CB6E93-C07D-42B4-8A25-5E182AEF48BF}.Debug|Any CPU.ActiveCfg = Debug|Any CPU
		{92CB6E93-C07D-42B4-8A25-5E182AEF48BF}.Debug|Any CPU.Build.0 = Debug|Any CPU
		{92CB6E93-C07D-42B4-8A25-5E182AEF48BF}.Release|Any CPU.ActiveCfg = Release|Any CPU
		{92CB6E93-C07D-42B4-8A25-5E182AEF48BF}.Release|Any CPU.Build.0 = Release|Any CPU
		{42233E0A-0834-43C4-B953-A8A3A21D9718}.Debug|Any CPU.ActiveCfg = Debug|Any CPU
		{42233E0A-0834-43C4-B953-A8A3A21D9718}.Debug|Any CPU.Build.0 = Debug|Any CPU
		{42233E0A-0834-43C4-B953-A8A3A21D9718}.Release|Any CPU.ActiveCfg = Release|Any CPU
		{42233E0A-0834-43C4-B953-A8A3A21D9718}.Release|Any CPU.Build.0 = Release|Any CPU
	EndGlobalSection
EndGlobal
